
Microsoft Visual Studio Solution File, Format Version 12.00
# Visual Studio Version 16
VisualStudioVersion = 16.0.29215.179
MinimumVisualStudioVersion = 10.0.40219.1
Project("{FAE04EC0-301F-11D3-BF4B-00C04F79EFBC}") = "HW02 B1", "HW02\HW02 B1.csproj", "{8153C11D-F23A-4804-B76E-816927D8C59A}"
EndProject
Project("{FAE04EC0-301F-11D3-BF4B-00C04F79EFBC}") = "HW02 B2", "HW02 C\HW02 B2.csproj", "{B11650B5-BB36-4ED4-86F1-64A8E8A8EC7D}"
EndProject
Project("{FAE04EC0-301F-11D3-BF4B-00C04F79EFBC}") = "HW02 B3", "HW02 B3\HW02 B3.csproj", "{64E47B34-384A-41DD-AF2F-D9EC8233330C}"
EndProject
Project("{FAE04EC0-301F-11D3-BF4B-00C04F79EFBC}") = "HW02 C1 (1-7)", "HW02 C1\HW02 C1 (1-7).csproj", "{A08A07E5-FA5C-4E2B-AD5B-920BECA4BCE1}"
EndProject
Project("{FAE04EC0-301F-11D3-BF4B-00C04F79EFBC}") = "HW02 C2 (8-10)", "HW02 C2\HW02 C2 (8-10).csproj", "{5454AB0D-09F5-4837-A677-3192D9CE9452}"
EndProject
Project("{FAE04EC0-301F-11D3-BF4B-00C04F79EFBC}") = "HW02 C3 (11-12)", "HW02 C3\HW02 C3 (11-12).csproj", "{AC12A48A-61F2-4B2E-A318-E294929C2E0D}"
EndProject
Project("{FAE04EC0-301F-11D3-BF4B-00C04F79EFBC}") = "HW02 C4", "HW02 C4\HW02 C4.csproj", "{F07A46F5-73C5-4884-A3DA-97D104EB1AB4}"
EndProject
Project("{FAE04EC0-301F-11D3-BF4B-00C04F79EFBC}") = "HW02 D1 (1-7)", "HW02 D1\HW02 D1 (1-7).csproj", "{E9A75CE9-43C5-4B27-86A0-29D9260FE138}"
EndProject
Project("{FAE04EC0-301F-11D3-BF4B-00C04F79EFBC}") = "HW02 D2 (8)", "HW02 D2\HW02 D2 (8).csproj", "{DF5964C6-D0E2-4C94-964C-935A97B9400A}"
EndProject
Project("{FAE04EC0-301F-11D3-BF4B-00C04F79EFBC}") = "HW02 D2 (9)", "HW02 D2 (9)\HW02 D2 (9).csproj", "{21613637-D338-46B3-B05D-02FA3F1F24F6}"
EndProject
Project("{FAE04EC0-301F-11D3-BF4B-00C04F79EFBC}") = "HW02 D2 (10)", "HW02 (10)\HW02 D2 (10).csproj", "{7425BE57-4E89-4A9F-821F-06A05272912C}"
EndProject
Project("{FAE04EC0-301F-11D3-BF4B-00C04F79EFBC}") = "HW02 D2 (11)", "HW02 D2 (11)\HW02 D2 (11).csproj", "{06D9C2FC-632A-49D5-95D4-625FD8AE0BED}"
EndProject
Project("{FAE04EC0-301F-11D3-BF4B-00C04F79EFBC}") = "HW02 D2 (12)", "HW02 (12)\HW02 D2 (12).csproj", "{3CBB019B-06FB-41FD-B49A-2A0C3AB8DC50}"
EndProject
Project("{FAE04EC0-301F-11D3-BF4B-00C04F79EFBC}") = "HW02 D2 (13)", "HW02 D2 (13)\HW02 D2 (13).csproj", "{75A894ED-5260-4C16-A425-3984611E036E}"
EndProject
Project("{FAE04EC0-301F-11D3-BF4B-00C04F79EFBC}") = "HW02 D2 (14)", "HW02 D2 (14)\HW02 D2 (14).csproj", "{E41C9DA8-7B54-435F-8A01-03894ADFC7AE}"
EndProject
Global
	GlobalSection(SolutionConfigurationPlatforms) = preSolution
		Debug|Any CPU = Debug|Any CPU
		Release|Any CPU = Release|Any CPU
	EndGlobalSection
	GlobalSection(ProjectConfigurationPlatforms) = postSolution
		{8153C11D-F23A-4804-B76E-816927D8C59A}.Debug|Any CPU.ActiveCfg = Debug|Any CPU
		{8153C11D-F23A-4804-B76E-816927D8C59A}.Debug|Any CPU.Build.0 = Debug|Any CPU
		{8153C11D-F23A-4804-B76E-816927D8C59A}.Release|Any CPU.ActiveCfg = Release|Any CPU
		{8153C11D-F23A-4804-B76E-816927D8C59A}.Release|Any CPU.Build.0 = Release|Any CPU
		{B11650B5-BB36-4ED4-86F1-64A8E8A8EC7D}.Debug|Any CPU.ActiveCfg = Debug|Any CPU
		{B11650B5-BB36-4ED4-86F1-64A8E8A8EC7D}.Debug|Any CPU.Build.0 = Debug|Any CPU
		{B11650B5-BB36-4ED4-86F1-64A8E8A8EC7D}.Release|Any CPU.ActiveCfg = Release|Any CPU
		{B11650B5-BB36-4ED4-86F1-64A8E8A8EC7D}.Release|Any CPU.Build.0 = Release|Any CPU
		{64E47B34-384A-41DD-AF2F-D9EC8233330C}.Debug|Any CPU.ActiveCfg = Debug|Any CPU
		{64E47B34-384A-41DD-AF2F-D9EC8233330C}.Debug|Any CPU.Build.0 = Debug|Any CPU
		{64E47B34-384A-41DD-AF2F-D9EC8233330C}.Release|Any CPU.ActiveCfg = Release|Any CPU
		{64E47B34-384A-41DD-AF2F-D9EC8233330C}.Release|Any CPU.Build.0 = Release|Any CPU
		{A08A07E5-FA5C-4E2B-AD5B-920BECA4BCE1}.Debug|Any CPU.ActiveCfg = Debug|Any CPU
		{A08A07E5-FA5C-4E2B-AD5B-920BECA4BCE1}.Debug|Any CPU.Build.0 = Debug|Any CPU
		{A08A07E5-FA5C-4E2B-AD5B-920BECA4BCE1}.Release|Any CPU.ActiveCfg = Release|Any CPU
		{A08A07E5-FA5C-4E2B-AD5B-920BECA4BCE1}.Release|Any CPU.Build.0 = Release|Any CPU
		{5454AB0D-09F5-4837-A677-3192D9CE9452}.Debug|Any CPU.ActiveCfg = Debug|Any CPU
		{5454AB0D-09F5-4837-A677-3192D9CE9452}.Debug|Any CPU.Build.0 = Debug|Any CPU
		{5454AB0D-09F5-4837-A677-3192D9CE9452}.Release|Any CPU.ActiveCfg = Release|Any CPU
		{5454AB0D-09F5-4837-A677-3192D9CE9452}.Release|Any CPU.Build.0 = Release|Any CPU
		{AC12A48A-61F2-4B2E-A318-E294929C2E0D}.Debug|Any CPU.ActiveCfg = Debug|Any CPU
		{AC12A48A-61F2-4B2E-A318-E294929C2E0D}.Debug|Any CPU.Build.0 = Debug|Any CPU
		{AC12A48A-61F2-4B2E-A318-E294929C2E0D}.Release|Any CPU.ActiveCfg = Release|Any CPU
		{AC12A48A-61F2-4B2E-A318-E294929C2E0D}.Release|Any CPU.Build.0 = Release|Any CPU
		{F07A46F5-73C5-4884-A3DA-97D104EB1AB4}.Debug|Any CPU.ActiveCfg = Debug|Any CPU
		{F07A46F5-73C5-4884-A3DA-97D104EB1AB4}.Debug|Any CPU.Build.0 = Debug|Any CPU
		{F07A46F5-73C5-4884-A3DA-97D104EB1AB4}.Release|Any CPU.ActiveCfg = Release|Any CPU
		{F07A46F5-73C5-4884-A3DA-97D104EB1AB4}.Release|Any CPU.Build.0 = Release|Any CPU
		{E9A75CE9-43C5-4B27-86A0-29D9260FE138}.Debug|Any CPU.ActiveCfg = Debug|Any CPU
		{E9A75CE9-43C5-4B27-86A0-29D9260FE138}.Debug|Any CPU.Build.0 = Debug|Any CPU
		{E9A75CE9-43C5-4B27-86A0-29D9260FE138}.Release|Any CPU.ActiveCfg = Release|Any CPU
		{E9A75CE9-43C5-4B27-86A0-29D9260FE138}.Release|Any CPU.Build.0 = Release|Any CPU
		{DF5964C6-D0E2-4C94-964C-935A97B9400A}.Debug|Any CPU.ActiveCfg = Debug|Any CPU
		{DF5964C6-D0E2-4C94-964C-935A97B9400A}.Debug|Any CPU.Build.0 = Debug|Any CPU
		{DF5964C6-D0E2-4C94-964C-935A97B9400A}.Release|Any CPU.ActiveCfg = Release|Any CPU
		{DF5964C6-D0E2-4C94-964C-935A97B9400A}.Release|Any CPU.Build.0 = Release|Any CPU
		{21613637-D338-46B3-B05D-02FA3F1F24F6}.Debug|Any CPU.ActiveCfg = Debug|Any CPU
		{21613637-D338-46B3-B05D-02FA3F1F24F6}.Debug|Any CPU.Build.0 = Debug|Any CPU
		{21613637-D338-46B3-B05D-02FA3F1F24F6}.Release|Any CPU.ActiveCfg = Release|Any CPU
		{21613637-D338-46B3-B05D-02FA3F1F24F6}.Release|Any CPU.Build.0 = Release|Any CPU
		{7425BE57-4E89-4A9F-821F-06A05272912C}.Debug|Any CPU.ActiveCfg = Debug|Any CPU
		{7425BE57-4E89-4A9F-821F-06A05272912C}.Debug|Any CPU.Build.0 = Debug|Any CPU
		{7425BE57-4E89-4A9F-821F-06A05272912C}.Release|Any CPU.ActiveCfg = Release|Any CPU
		{7425BE57-4E89-4A9F-821F-06A05272912C}.Release|Any CPU.Build.0 = Release|Any CPU
		{06D9C2FC-632A-49D5-95D4-625FD8AE0BED}.Debug|Any CPU.ActiveCfg = Debug|Any CPU
		{06D9C2FC-632A-49D5-95D4-625FD8AE0BED}.Debug|Any CPU.Build.0 = Debug|Any CPU
		{06D9C2FC-632A-49D5-95D4-625FD8AE0BED}.Release|Any CPU.ActiveCfg = Release|Any CPU
		{06D9C2FC-632A-49D5-95D4-625FD8AE0BED}.Release|Any CPU.Build.0 = Release|Any CPU
		{3CBB019B-06FB-41FD-B49A-2A0C3AB8DC50}.Debug|Any CPU.ActiveCfg = Debug|Any CPU
		{3CBB019B-06FB-41FD-B49A-2A0C3AB8DC50}.Debug|Any CPU.Build.0 = Debug|Any CPU
		{3CBB019B-06FB-41FD-B49A-2A0C3AB8DC50}.Release|Any CPU.ActiveCfg = Release|Any CPU
		{3CBB019B-06FB-41FD-B49A-2A0C3AB8DC50}.Release|Any CPU.Build.0 = Release|Any CPU
		{75A894ED-5260-4C16-A425-3984611E036E}.Debug|Any CPU.ActiveCfg = Debug|Any CPU
		{75A894ED-5260-4C16-A425-3984611E036E}.Debug|Any CPU.Build.0 = Debug|Any CPU
		{75A894ED-5260-4C16-A425-3984611E036E}.Release|Any CPU.ActiveCfg = Release|Any CPU
		{75A894ED-5260-4C16-A425-3984611E036E}.Release|Any CPU.Build.0 = Release|Any CPU
		{E41C9DA8-7B54-435F-8A01-03894ADFC7AE}.Debug|Any CPU.ActiveCfg = Debug|Any CPU
		{E41C9DA8-7B54-435F-8A01-03894ADFC7AE}.Debug|Any CPU.Build.0 = Debug|Any CPU
		{E41C9DA8-7B54-435F-8A01-03894ADFC7AE}.Release|Any CPU.ActiveCfg = Release|Any CPU
		{E41C9DA8-7B54-435F-8A01-03894ADFC7AE}.Release|Any CPU.Build.0 = Release|Any CPU
	EndGlobalSection
	GlobalSection(SolutionProperties) = preSolution
		HideSolutionNode = FALSE
	EndGlobalSection
	GlobalSection(ExtensibilityGlobals) = postSolution
		SolutionGuid = {C5A44902-CBB9-4B08-A8A0-841E02D7E1EA}
	EndGlobalSection
EndGlobal
