
Microsoft Visual Studio Solution File, Format Version 12.00
# Visual Studio Version 16
VisualStudioVersion = 16.0.29215.179
MinimumVisualStudioVersion = 10.0.40219.1
Project("{FAE04EC0-301F-11D3-BF4B-00C04F79EFBC}") = "HW03 B1", "HW03\HW03 B1.csproj", "{4D0A4202-8C14-4C77-9147-426DB480FB19}"
EndProject
Project("{FAE04EC0-301F-11D3-BF4B-00C04F79EFBC}") = "HW03 B2", "HW03 B2\HW03 B2.csproj", "{8D28780B-AEED-47F5-98FE-551830E897CB}"
EndProject
Project("{FAE04EC0-301F-11D3-BF4B-00C04F79EFBC}") = "HW03 B3", "HW03 B3\HW03 B3.csproj", "{3E9CD714-E9FB-4812-9A98-82581746BFDA}"
EndProject
Project("{FAE04EC0-301F-11D3-BF4B-00C04F79EFBC}") = "HW03 B4", "HW03 B4\HW03 B4.csproj", "{65D613AB-EF7C-4FA7-B999-63C2CBA3661A}"
EndProject
Project("{FAE04EC0-301F-11D3-BF4B-00C04F79EFBC}") = "HW03 B5", "HW03 B5\HW03 B5.csproj", "{32990849-1178-473F-A8CE-2BBA2F95D59A}"
EndProject
Project("{FAE04EC0-301F-11D3-BF4B-00C04F79EFBC}") = "HW03 B6", "HW03 B6\HW03 B6.csproj", "{5398C43C-312D-470D-ABF6-FB11342FB639}"
EndProject
Project("{FAE04EC0-301F-11D3-BF4B-00C04F79EFBC}") = "HW03 B7", "HW03 B7\HW03 B7.csproj", "{2539EC04-7CF6-44E0-BCC6-9B8003758C8F}"
EndProject
Project("{FAE04EC0-301F-11D3-BF4B-00C04F79EFBC}") = "HW03 B8", "HW03 B8\HW03 B8.csproj", "{576ACD02-B2AB-4027-B617-8562FCFB98FF}"
EndProject
Project("{FAE04EC0-301F-11D3-BF4B-00C04F79EFBC}") = "HW03 B9", "HW03 B9\HW03 B9.csproj", "{C73815DD-036A-4FD8-9257-CD30B2A7107B}"
EndProject
Project("{FAE04EC0-301F-11D3-BF4B-00C04F79EFBC}") = "HW03 C10", "HW03 C10\HW03 C10.csproj", "{12B05055-A3F4-4632-A481-91A1DFD15551}"
EndProject
Project("{FAE04EC0-301F-11D3-BF4B-00C04F79EFBC}") = "HW03 C11", "HW03 C11\HW03 C11.csproj", "{1A5A0423-AE11-4620-8FCA-41E68C58B1ED}"
EndProject
Project("{FAE04EC0-301F-11D3-BF4B-00C04F79EFBC}") = "HW03 C12", "HW03 C12\HW03 C12.csproj", "{0D83FE96-3CE1-4E29-A858-1C0C0AC2312A}"
EndProject
Project("{FAE04EC0-301F-11D3-BF4B-00C04F79EFBC}") = "HW03 C13 a", "HW03 C13\HW03 C13 a.csproj", "{FE526F44-89ED-43B1-AC64-2BC468CA582A}"
EndProject
Project("{FAE04EC0-301F-11D3-BF4B-00C04F79EFBC}") = "HW03 C13 b", "HW03 C13 b\HW03 C13 b.csproj", "{BCEA7872-0CC8-4B83-864F-A5A9FC48D1CF}"
EndProject
Project("{FAE04EC0-301F-11D3-BF4B-00C04F79EFBC}") = "HW03 C13 c", "HW03 C13 c\HW03 C13 c.csproj", "{3F2E7B8B-ABD0-4FEF-9DDE-B461476265E4}"
EndProject
Project("{FAE04EC0-301F-11D3-BF4B-00C04F79EFBC}") = "HW03 C14", "HW03 C14\HW03 C14.csproj", "{1A4FE1A4-34C5-4266-9382-1A0D563FCEEF}"
EndProject
Project("{FAE04EC0-301F-11D3-BF4B-00C04F79EFBC}") = "HW03 C15", "HW03 C15\HW03 C15.csproj", "{8F8258FB-C294-4AA1-A3F7-7B3873DB89F8}"
EndProject
Project("{FAE04EC0-301F-11D3-BF4B-00C04F79EFBC}") = "HW03 C16", "HW03 C16\HW03 C16.csproj", "{A378EAC8-0D33-49D9-A998-8D00AAF182F1}"
EndProject
Global
	GlobalSection(SolutionConfigurationPlatforms) = preSolution
		Debug|Any CPU = Debug|Any CPU
		Release|Any CPU = Release|Any CPU
	EndGlobalSection
	GlobalSection(ProjectConfigurationPlatforms) = postSolution
		{4D0A4202-8C14-4C77-9147-426DB480FB19}.Debug|Any CPU.ActiveCfg = Debug|Any CPU
		{4D0A4202-8C14-4C77-9147-426DB480FB19}.Debug|Any CPU.Build.0 = Debug|Any CPU
		{4D0A4202-8C14-4C77-9147-426DB480FB19}.Release|Any CPU.ActiveCfg = Release|Any CPU
		{4D0A4202-8C14-4C77-9147-426DB480FB19}.Release|Any CPU.Build.0 = Release|Any CPU
		{8D28780B-AEED-47F5-98FE-551830E897CB}.Debug|Any CPU.ActiveCfg = Debug|Any CPU
		{8D28780B-AEED-47F5-98FE-551830E897CB}.Debug|Any CPU.Build.0 = Debug|Any CPU
		{8D28780B-AEED-47F5-98FE-551830E897CB}.Release|Any CPU.ActiveCfg = Release|Any CPU
		{8D28780B-AEED-47F5-98FE-551830E897CB}.Release|Any CPU.Build.0 = Release|Any CPU
		{3E9CD714-E9FB-4812-9A98-82581746BFDA}.Debug|Any CPU.ActiveCfg = Debug|Any CPU
		{3E9CD714-E9FB-4812-9A98-82581746BFDA}.Debug|Any CPU.Build.0 = Debug|Any CPU
		{3E9CD714-E9FB-4812-9A98-82581746BFDA}.Release|Any CPU.ActiveCfg = Release|Any CPU
		{3E9CD714-E9FB-4812-9A98-82581746BFDA}.Release|Any CPU.Build.0 = Release|Any CPU
		{65D613AB-EF7C-4FA7-B999-63C2CBA3661A}.Debug|Any CPU.ActiveCfg = Debug|Any CPU
		{65D613AB-EF7C-4FA7-B999-63C2CBA3661A}.Debug|Any CPU.Build.0 = Debug|Any CPU
		{65D613AB-EF7C-4FA7-B999-63C2CBA3661A}.Release|Any CPU.ActiveCfg = Release|Any CPU
		{65D613AB-EF7C-4FA7-B999-63C2CBA3661A}.Release|Any CPU.Build.0 = Release|Any CPU
		{32990849-1178-473F-A8CE-2BBA2F95D59A}.Debug|Any CPU.ActiveCfg = Debug|Any CPU
		{32990849-1178-473F-A8CE-2BBA2F95D59A}.Debug|Any CPU.Build.0 = Debug|Any CPU
		{32990849-1178-473F-A8CE-2BBA2F95D59A}.Release|Any CPU.ActiveCfg = Release|Any CPU
		{32990849-1178-473F-A8CE-2BBA2F95D59A}.Release|Any CPU.Build.0 = Release|Any CPU
		{5398C43C-312D-470D-ABF6-FB11342FB639}.Debug|Any CPU.ActiveCfg = Debug|Any CPU
		{5398C43C-312D-470D-ABF6-FB11342FB639}.Debug|Any CPU.Build.0 = Debug|Any CPU
		{5398C43C-312D-470D-ABF6-FB11342FB639}.Release|Any CPU.ActiveCfg = Release|Any CPU
		{5398C43C-312D-470D-ABF6-FB11342FB639}.Release|Any CPU.Build.0 = Release|Any CPU
		{2539EC04-7CF6-44E0-BCC6-9B8003758C8F}.Debug|Any CPU.ActiveCfg = Debug|Any CPU
		{2539EC04-7CF6-44E0-BCC6-9B8003758C8F}.Debug|Any CPU.Build.0 = Debug|Any CPU
		{2539EC04-7CF6-44E0-BCC6-9B8003758C8F}.Release|Any CPU.ActiveCfg = Release|Any CPU
		{2539EC04-7CF6-44E0-BCC6-9B8003758C8F}.Release|Any CPU.Build.0 = Release|Any CPU
		{576ACD02-B2AB-4027-B617-8562FCFB98FF}.Debug|Any CPU.ActiveCfg = Debug|Any CPU
		{576ACD02-B2AB-4027-B617-8562FCFB98FF}.Debug|Any CPU.Build.0 = Debug|Any CPU
		{576ACD02-B2AB-4027-B617-8562FCFB98FF}.Release|Any CPU.ActiveCfg = Release|Any CPU
		{576ACD02-B2AB-4027-B617-8562FCFB98FF}.Release|Any CPU.Build.0 = Release|Any CPU
		{C73815DD-036A-4FD8-9257-CD30B2A7107B}.Debug|Any CPU.ActiveCfg = Debug|Any CPU
		{C73815DD-036A-4FD8-9257-CD30B2A7107B}.Debug|Any CPU.Build.0 = Debug|Any CPU
		{C73815DD-036A-4FD8-9257-CD30B2A7107B}.Release|Any CPU.ActiveCfg = Release|Any CPU
		{C73815DD-036A-4FD8-9257-CD30B2A7107B}.Release|Any CPU.Build.0 = Release|Any CPU
		{12B05055-A3F4-4632-A481-91A1DFD15551}.Debug|Any CPU.ActiveCfg = Debug|Any CPU
		{12B05055-A3F4-4632-A481-91A1DFD15551}.Debug|Any CPU.Build.0 = Debug|Any CPU
		{12B05055-A3F4-4632-A481-91A1DFD15551}.Release|Any CPU.ActiveCfg = Release|Any CPU
		{12B05055-A3F4-4632-A481-91A1DFD15551}.Release|Any CPU.Build.0 = Release|Any CPU
		{1A5A0423-AE11-4620-8FCA-41E68C58B1ED}.Debug|Any CPU.ActiveCfg = Debug|Any CPU
		{1A5A0423-AE11-4620-8FCA-41E68C58B1ED}.Debug|Any CPU.Build.0 = Debug|Any CPU
		{1A5A0423-AE11-4620-8FCA-41E68C58B1ED}.Release|Any CPU.ActiveCfg = Release|Any CPU
		{1A5A0423-AE11-4620-8FCA-41E68C58B1ED}.Release|Any CPU.Build.0 = Release|Any CPU
		{0D83FE96-3CE1-4E29-A858-1C0C0AC2312A}.Debug|Any CPU.ActiveCfg = Debug|Any CPU
		{0D83FE96-3CE1-4E29-A858-1C0C0AC2312A}.Debug|Any CPU.Build.0 = Debug|Any CPU
		{0D83FE96-3CE1-4E29-A858-1C0C0AC2312A}.Release|Any CPU.ActiveCfg = Release|Any CPU
		{0D83FE96-3CE1-4E29-A858-1C0C0AC2312A}.Release|Any CPU.Build.0 = Release|Any CPU
		{FE526F44-89ED-43B1-AC64-2BC468CA582A}.Debug|Any CPU.ActiveCfg = Debug|Any CPU
		{FE526F44-89ED-43B1-AC64-2BC468CA582A}.Debug|Any CPU.Build.0 = Debug|Any CPU
		{FE526F44-89ED-43B1-AC64-2BC468CA582A}.Release|Any CPU.ActiveCfg = Release|Any CPU
		{FE526F44-89ED-43B1-AC64-2BC468CA582A}.Release|Any CPU.Build.0 = Release|Any CPU
		{BCEA7872-0CC8-4B83-864F-A5A9FC48D1CF}.Debug|Any CPU.ActiveCfg = Debug|Any CPU
		{BCEA7872-0CC8-4B83-864F-A5A9FC48D1CF}.Debug|Any CPU.Build.0 = Debug|Any CPU
		{BCEA7872-0CC8-4B83-864F-A5A9FC48D1CF}.Release|Any CPU.ActiveCfg = Release|Any CPU
		{BCEA7872-0CC8-4B83-864F-A5A9FC48D1CF}.Release|Any CPU.Build.0 = Release|Any CPU
		{3F2E7B8B-ABD0-4FEF-9DDE-B461476265E4}.Debug|Any CPU.ActiveCfg = Debug|Any CPU
		{3F2E7B8B-ABD0-4FEF-9DDE-B461476265E4}.Debug|Any CPU.Build.0 = Debug|Any CPU
		{3F2E7B8B-ABD0-4FEF-9DDE-B461476265E4}.Release|Any CPU.ActiveCfg = Release|Any CPU
		{3F2E7B8B-ABD0-4FEF-9DDE-B461476265E4}.Release|Any CPU.Build.0 = Release|Any CPU
		{1A4FE1A4-34C5-4266-9382-1A0D563FCEEF}.Debug|Any CPU.ActiveCfg = Debug|Any CPU
		{1A4FE1A4-34C5-4266-9382-1A0D563FCEEF}.Debug|Any CPU.Build.0 = Debug|Any CPU
		{1A4FE1A4-34C5-4266-9382-1A0D563FCEEF}.Release|Any CPU.ActiveCfg = Release|Any CPU
		{1A4FE1A4-34C5-4266-9382-1A0D563FCEEF}.Release|Any CPU.Build.0 = Release|Any CPU
		{8F8258FB-C294-4AA1-A3F7-7B3873DB89F8}.Debug|Any CPU.ActiveCfg = Debug|Any CPU
		{8F8258FB-C294-4AA1-A3F7-7B3873DB89F8}.Debug|Any CPU.Build.0 = Debug|Any CPU
		{8F8258FB-C294-4AA1-A3F7-7B3873DB89F8}.Release|Any CPU.ActiveCfg = Release|Any CPU
		{8F8258FB-C294-4AA1-A3F7-7B3873DB89F8}.Release|Any CPU.Build.0 = Release|Any CPU
		{A378EAC8-0D33-49D9-A998-8D00AAF182F1}.Debug|Any CPU.ActiveCfg = Debug|Any CPU
		{A378EAC8-0D33-49D9-A998-8D00AAF182F1}.Debug|Any CPU.Build.0 = Debug|Any CPU
		{A378EAC8-0D33-49D9-A998-8D00AAF182F1}.Release|Any CPU.ActiveCfg = Release|Any CPU
		{A378EAC8-0D33-49D9-A998-8D00AAF182F1}.Release|Any CPU.Build.0 = Release|Any CPU
	EndGlobalSection
	GlobalSection(SolutionProperties) = preSolution
		HideSolutionNode = FALSE
	EndGlobalSection
	GlobalSection(ExtensibilityGlobals) = postSolution
		SolutionGuid = {36F4D016-FAA1-4A20-9D10-BCCEB28CC066}
	EndGlobalSection
EndGlobal
